
Microsoft Visual Studio Solution File, Format Version 12.00
# Visual Studio 14
VisualStudioVersion = 14.0.24720.0
MinimumVisualStudioVersion = 10.0.40219.1
Project("{FAE04EC0-301F-11D3-BF4B-00C04F79EFBC}") = "HousesDemo.Droid", "HousesDemo\HousesDemo.Droid\HousesDemo.Droid.csproj", "{0CF1B6F8-6569-4C52-8E7A-024D5A61C12F}"
EndProject
Project("{FAE04EC0-301F-11D3-BF4B-00C04F79EFBC}") = "HousesDemo.iOS", "HousesDemo\HousesDemo.iOS\HousesDemo.iOS.csproj", "{33280120-8189-49C2-AF63-6740D4D2D04C}"
EndProject
Project("{FAE04EC0-301F-11D3-BF4B-00C04F79EFBC}") = "HousesDemo.WinPhone", "HousesDemo\HousesDemo.WinPhone\HousesDemo.WinPhone.csproj", "{9C918843-D0C1-461D-8866-ED0687CAF653}"
EndProject
Project("{FAE04EC0-301F-11D3-BF4B-00C04F79EFBC}") = "HousesDemo", "HousesDemo\HousesDemo\HousesDemo.csproj", "{0BA57FE3-6437-4D59-8E86-E8F6B81EE16E}"
EndProject
Global
	GlobalSection(SolutionConfigurationPlatforms) = preSolution
		Ad-Hoc|Any CPU = Ad-Hoc|Any CPU
		Ad-Hoc|ARM = Ad-Hoc|ARM
		Ad-Hoc|iPhone = Ad-Hoc|iPhone
		Ad-Hoc|iPhoneSimulator = Ad-Hoc|iPhoneSimulator
		Ad-Hoc|x86 = Ad-Hoc|x86
		AppStore|Any CPU = AppStore|Any CPU
		AppStore|ARM = AppStore|ARM
		AppStore|iPhone = AppStore|iPhone
		AppStore|iPhoneSimulator = AppStore|iPhoneSimulator
		AppStore|x86 = AppStore|x86
		Debug|Any CPU = Debug|Any CPU
		Debug|ARM = Debug|ARM
		Debug|iPhone = Debug|iPhone
		Debug|iPhoneSimulator = Debug|iPhoneSimulator
		Debug|x86 = Debug|x86
		Release|Any CPU = Release|Any CPU
		Release|ARM = Release|ARM
		Release|iPhone = Release|iPhone
		Release|iPhoneSimulator = Release|iPhoneSimulator
		Release|x86 = Release|x86
	EndGlobalSection
	GlobalSection(ProjectConfigurationPlatforms) = postSolution
		{0CF1B6F8-6569-4C52-8E7A-024D5A61C12F}.Ad-Hoc|Any CPU.ActiveCfg = Release|Any CPU
		{0CF1B6F8-6569-4C52-8E7A-024D5A61C12F}.Ad-Hoc|Any CPU.Build.0 = Release|Any CPU
		{0CF1B6F8-6569-4C52-8E7A-024D5A61C12F}.Ad-Hoc|Any CPU.Deploy.0 = Release|Any CPU
		{0CF1B6F8-6569-4C52-8E7A-024D5A61C12F}.Ad-Hoc|ARM.ActiveCfg = Release|Any CPU
		{0CF1B6F8-6569-4C52-8E7A-024D5A61C12F}.Ad-Hoc|ARM.Build.0 = Release|Any CPU
		{0CF1B6F8-6569-4C52-8E7A-024D5A61C12F}.Ad-Hoc|ARM.Deploy.0 = Release|Any CPU
		{0CF1B6F8-6569-4C52-8E7A-024D5A61C12F}.Ad-Hoc|iPhone.ActiveCfg = Release|Any CPU
		{0CF1B6F8-6569-4C52-8E7A-024D5A61C12F}.Ad-Hoc|iPhone.Build.0 = Release|Any CPU
		{0CF1B6F8-6569-4C52-8E7A-024D5A61C12F}.Ad-Hoc|iPhone.Deploy.0 = Release|Any CPU
		{0CF1B6F8-6569-4C52-8E7A-024D5A61C12F}.Ad-Hoc|iPhoneSimulator.ActiveCfg = Release|Any CPU
		{0CF1B6F8-6569-4C52-8E7A-024D5A61C12F}.Ad-Hoc|iPhoneSimulator.Build.0 = Release|Any CPU
		{0CF1B6F8-6569-4C52-8E7A-024D5A61C12F}.Ad-Hoc|iPhoneSimulator.Deploy.0 = Release|Any CPU
		{0CF1B6F8-6569-4C52-8E7A-024D5A61C12F}.Ad-Hoc|x86.ActiveCfg = Release|Any CPU
		{0CF1B6F8-6569-4C52-8E7A-024D5A61C12F}.Ad-Hoc|x86.Build.0 = Release|Any CPU
		{0CF1B6F8-6569-4C52-8E7A-024D5A61C12F}.Ad-Hoc|x86.Deploy.0 = Release|Any CPU
		{0CF1B6F8-6569-4C52-8E7A-024D5A61C12F}.AppStore|Any CPU.ActiveCfg = Release|Any CPU
		{0CF1B6F8-6569-4C52-8E7A-024D5A61C12F}.AppStore|Any CPU.Build.0 = Release|Any CPU
		{0CF1B6F8-6569-4C52-8E7A-024D5A61C12F}.AppStore|Any CPU.Deploy.0 = Release|Any CPU
		{0CF1B6F8-6569-4C52-8E7A-024D5A61C12F}.AppStore|ARM.ActiveCfg = Release|Any CPU
		{0CF1B6F8-6569-4C52-8E7A-024D5A61C12F}.AppStore|ARM.Build.0 = Release|Any CPU
		{0CF1B6F8-6569-4C52-8E7A-024D5A61C12F}.AppStore|ARM.Deploy.0 = Release|Any CPU
		{0CF1B6F8-6569-4C52-8E7A-024D5A61C12F}.AppStore|iPhone.ActiveCfg = Release|Any CPU
		{0CF1B6F8-6569-4C52-8E7A-024D5A61C12F}.AppStore|iPhone.Build.0 = Release|Any CPU
		{0CF1B6F8-6569-4C52-8E7A-024D5A61C12F}.AppStore|iPhone.Deploy.0 = Release|Any CPU
		{0CF1B6F8-6569-4C52-8E7A-024D5A61C12F}.AppStore|iPhoneSimulator.ActiveCfg = Release|Any CPU
		{0CF1B6F8-6569-4C52-8E7A-024D5A61C12F}.AppStore|iPhoneSimulator.Build.0 = Release|Any CPU
		{0CF1B6F8-6569-4C52-8E7A-024D5A61C12F}.AppStore|iPhoneSimulator.Deploy.0 = Release|Any CPU
		{0CF1B6F8-6569-4C52-8E7A-024D5A61C12F}.AppStore|x86.ActiveCfg = Release|Any CPU
		{0CF1B6F8-6569-4C52-8E7A-024D5A61C12F}.AppStore|x86.Build.0 = Release|Any CPU
		{0CF1B6F8-6569-4C52-8E7A-024D5A61C12F}.AppStore|x86.Deploy.0 = Release|Any CPU
		{0CF1B6F8-6569-4C52-8E7A-024D5A61C12F}.Debug|Any CPU.ActiveCfg = Debug|Any CPU
		{0CF1B6F8-6569-4C52-8E7A-024D5A61C12F}.Debug|Any CPU.Build.0 = Debug|Any CPU
		{0CF1B6F8-6569-4C52-8E7A-024D5A61C12F}.Debug|Any CPU.Deploy.0 = Debug|Any CPU
		{0CF1B6F8-6569-4C52-8E7A-024D5A61C12F}.Debug|ARM.ActiveCfg = Debug|Any CPU
		{0CF1B6F8-6569-4C52-8E7A-024D5A61C12F}.Debug|ARM.Build.0 = Debug|Any CPU
		{0CF1B6F8-6569-4C52-8E7A-024D5A61C12F}.Debug|ARM.Deploy.0 = Debug|Any CPU
		{0CF1B6F8-6569-4C52-8E7A-024D5A61C12F}.Debug|iPhone.ActiveCfg = Debug|Any CPU
		{0CF1B6F8-6569-4C52-8E7A-024D5A61C12F}.Debug|iPhone.Build.0 = Debug|Any CPU
		{0CF1B6F8-6569-4C52-8E7A-024D5A61C12F}.Debug|iPhone.Deploy.0 = Debug|Any CPU
		{0CF1B6F8-6569-4C52-8E7A-024D5A61C12F}.Debug|iPhoneSimulator.ActiveCfg = Debug|Any CPU
		{0CF1B6F8-6569-4C52-8E7A-024D5A61C12F}.Debug|iPhoneSimulator.Build.0 = Debug|Any CPU
		{0CF1B6F8-6569-4C52-8E7A-024D5A61C12F}.Debug|iPhoneSimulator.Deploy.0 = Debug|Any CPU
		{0CF1B6F8-6569-4C52-8E7A-024D5A61C12F}.Debug|x86.ActiveCfg = Debug|Any CPU
		{0CF1B6F8-6569-4C52-8E7A-024D5A61C12F}.Debug|x86.Build.0 = Debug|Any CPU
		{0CF1B6F8-6569-4C52-8E7A-024D5A61C12F}.Debug|x86.Deploy.0 = Debug|Any CPU
		{0CF1B6F8-6569-4C52-8E7A-024D5A61C12F}.Release|Any CPU.ActiveCfg = Release|Any CPU
		{0CF1B6F8-6569-4C52-8E7A-024D5A61C12F}.Release|Any CPU.Build.0 = Release|Any CPU
		{0CF1B6F8-6569-4C52-8E7A-024D5A61C12F}.Release|Any CPU.Deploy.0 = Release|Any CPU
		{0CF1B6F8-6569-4C52-8E7A-024D5A61C12F}.Release|ARM.ActiveCfg = Release|Any CPU
		{0CF1B6F8-6569-4C52-8E7A-024D5A61C12F}.Release|ARM.Build.0 = Release|Any CPU
		{0CF1B6F8-6569-4C52-8E7A-024D5A61C12F}.Release|ARM.Deploy.0 = Release|Any CPU
		{0CF1B6F8-6569-4C52-8E7A-024D5A61C12F}.Release|iPhone.ActiveCfg = Release|Any CPU
		{0CF1B6F8-6569-4C52-8E7A-024D5A61C12F}.Release|iPhone.Build.0 = Release|Any CPU
		{0CF1B6F8-6569-4C52-8E7A-024D5A61C12F}.Release|iPhone.Deploy.0 = Release|Any CPU
		{0CF1B6F8-6569-4C52-8E7A-024D5A61C12F}.Release|iPhoneSimulator.ActiveCfg = Release|Any CPU
		{0CF1B6F8-6569-4C52-8E7A-024D5A61C12F}.Release|iPhoneSimulator.Build.0 = Release|Any CPU
		{0CF1B6F8-6569-4C52-8E7A-024D5A61C12F}.Release|iPhoneSimulator.Deploy.0 = Release|Any CPU
		{0CF1B6F8-6569-4C52-8E7A-024D5A61C12F}.Release|x86.ActiveCfg = Release|Any CPU
		{0CF1B6F8-6569-4C52-8E7A-024D5A61C12F}.Release|x86.Build.0 = Release|Any CPU
		{0CF1B6F8-6569-4C52-8E7A-024D5A61C12F}.Release|x86.Deploy.0 = Release|Any CPU
		{33280120-8189-49C2-AF63-6740D4D2D04C}.Ad-Hoc|Any CPU.ActiveCfg = Ad-Hoc|iPhone
		{33280120-8189-49C2-AF63-6740D4D2D04C}.Ad-Hoc|ARM.ActiveCfg = Ad-Hoc|iPhone
		{33280120-8189-49C2-AF63-6740D4D2D04C}.Ad-Hoc|iPhone.ActiveCfg = Ad-Hoc|iPhone
		{33280120-8189-49C2-AF63-6740D4D2D04C}.Ad-Hoc|iPhone.Build.0 = Ad-Hoc|iPhone
		{33280120-8189-49C2-AF63-6740D4D2D04C}.Ad-Hoc|iPhoneSimulator.ActiveCfg = Ad-Hoc|iPhoneSimulator
		{33280120-8189-49C2-AF63-6740D4D2D04C}.Ad-Hoc|iPhoneSimulator.Build.0 = Ad-Hoc|iPhoneSimulator
		{33280120-8189-49C2-AF63-6740D4D2D04C}.Ad-Hoc|x86.ActiveCfg = Ad-Hoc|iPhone
		{33280120-8189-49C2-AF63-6740D4D2D04C}.AppStore|Any CPU.ActiveCfg = AppStore|iPhone
		{33280120-8189-49C2-AF63-6740D4D2D04C}.AppStore|ARM.ActiveCfg = AppStore|iPhone
		{33280120-8189-49C2-AF63-6740D4D2D04C}.AppStore|iPhone.ActiveCfg = AppStore|iPhone
		{33280120-8189-49C2-AF63-6740D4D2D04C}.AppStore|iPhone.Build.0 = AppStore|iPhone
		{33280120-8189-49C2-AF63-6740D4D2D04C}.AppStore|iPhoneSimulator.ActiveCfg = AppStore|iPhoneSimulator
		{33280120-8189-49C2-AF63-6740D4D2D04C}.AppStore|iPhoneSimulator.Build.0 = AppStore|iPhoneSimulator
		{33280120-8189-49C2-AF63-6740D4D2D04C}.AppStore|x86.ActiveCfg = AppStore|iPhone
		{33280120-8189-49C2-AF63-6740D4D2D04C}.Debug|Any CPU.ActiveCfg = Debug|iPhone
		{33280120-8189-49C2-AF63-6740D4D2D04C}.Debug|ARM.ActiveCfg = Debug|iPhone
		{33280120-8189-49C2-AF63-6740D4D2D04C}.Debug|iPhone.ActiveCfg = Debug|iPhone
		{33280120-8189-49C2-AF63-6740D4D2D04C}.Debug|iPhone.Build.0 = Debug|iPhone
		{33280120-8189-49C2-AF63-6740D4D2D04C}.Debug|iPhoneSimulator.ActiveCfg = Debug|iPhoneSimulator
		{33280120-8189-49C2-AF63-6740D4D2D04C}.Debug|iPhoneSimulator.Build.0 = Debug|iPhoneSimulator
		{33280120-8189-49C2-AF63-6740D4D2D04C}.Debug|x86.ActiveCfg = Debug|iPhone
		{33280120-8189-49C2-AF63-6740D4D2D04C}.Release|Any CPU.ActiveCfg = Release|iPhone
		{33280120-8189-49C2-AF63-6740D4D2D04C}.Release|ARM.ActiveCfg = Release|iPhone
		{33280120-8189-49C2-AF63-6740D4D2D04C}.Release|iPhone.ActiveCfg = Release|iPhone
		{33280120-8189-49C2-AF63-6740D4D2D04C}.Release|iPhone.Build.0 = Release|iPhone
		{33280120-8189-49C2-AF63-6740D4D2D04C}.Release|iPhoneSimulator.ActiveCfg = Release|iPhoneSimulator
		{33280120-8189-49C2-AF63-6740D4D2D04C}.Release|iPhoneSimulator.Build.0 = Release|iPhoneSimulator
		{33280120-8189-49C2-AF63-6740D4D2D04C}.Release|x86.ActiveCfg = Release|iPhone
		{9C918843-D0C1-461D-8866-ED0687CAF653}.Ad-Hoc|Any CPU.ActiveCfg = Release|Any CPU
		{9C918843-D0C1-461D-8866-ED0687CAF653}.Ad-Hoc|Any CPU.Build.0 = Release|Any CPU
		{9C918843-D0C1-461D-8866-ED0687CAF653}.Ad-Hoc|Any CPU.Deploy.0 = Release|Any CPU
		{9C918843-D0C1-461D-8866-ED0687CAF653}.Ad-Hoc|ARM.ActiveCfg = Release|ARM
		{9C918843-D0C1-461D-8866-ED0687CAF653}.Ad-Hoc|ARM.Build.0 = Release|ARM
		{9C918843-D0C1-461D-8866-ED0687CAF653}.Ad-Hoc|ARM.Deploy.0 = Release|ARM
		{9C918843-D0C1-461D-8866-ED0687CAF653}.Ad-Hoc|iPhone.ActiveCfg = Release|Any CPU
		{9C918843-D0C1-461D-8866-ED0687CAF653}.Ad-Hoc|iPhone.Build.0 = Release|Any CPU
		{9C918843-D0C1-461D-8866-ED0687CAF653}.Ad-Hoc|iPhone.Deploy.0 = Release|Any CPU
		{9C918843-D0C1-461D-8866-ED0687CAF653}.Ad-Hoc|iPhoneSimulator.ActiveCfg = Release|Any CPU
		{9C918843-D0C1-461D-8866-ED0687CAF653}.Ad-Hoc|iPhoneSimulator.Build.0 = Release|Any CPU
		{9C918843-D0C1-461D-8866-ED0687CAF653}.Ad-Hoc|iPhoneSimulator.Deploy.0 = Release|Any CPU
		{9C918843-D0C1-461D-8866-ED0687CAF653}.Ad-Hoc|x86.ActiveCfg = Release|x86
		{9C918843-D0C1-461D-8866-ED0687CAF653}.Ad-Hoc|x86.Build.0 = Release|x86
		{9C918843-D0C1-461D-8866-ED0687CAF653}.Ad-Hoc|x86.Deploy.0 = Release|x86
		{9C918843-D0C1-461D-8866-ED0687CAF653}.AppStore|Any CPU.ActiveCfg = Release|Any CPU
		{9C918843-D0C1-461D-8866-ED0687CAF653}.AppStore|Any CPU.Build.0 = Release|Any CPU
		{9C918843-D0C1-461D-8866-ED0687CAF653}.AppStore|Any CPU.Deploy.0 = Release|Any CPU
		{9C918843-D0C1-461D-8866-ED0687CAF653}.AppStore|ARM.ActiveCfg = Release|ARM
		{9C918843-D0C1-461D-8866-ED0687CAF653}.AppStore|ARM.Build.0 = Release|ARM
		{9C918843-D0C1-461D-8866-ED0687CAF653}.AppStore|ARM.Deploy.0 = Release|ARM
		{9C918843-D0C1-461D-8866-ED0687CAF653}.AppStore|iPhone.ActiveCfg = Release|Any CPU
		{9C918843-D0C1-461D-8866-ED0687CAF653}.AppStore|iPhone.Build.0 = Release|Any CPU
		{9C918843-D0C1-461D-8866-ED0687CAF653}.AppStore|iPhone.Deploy.0 = Release|Any CPU
		{9C918843-D0C1-461D-8866-ED0687CAF653}.AppStore|iPhoneSimulator.ActiveCfg = Release|Any CPU
		{9C918843-D0C1-461D-8866-ED0687CAF653}.AppStore|iPhoneSimulator.Build.0 = Release|Any CPU
		{9C918843-D0C1-461D-8866-ED0687CAF653}.AppStore|iPhoneSimulator.Deploy.0 = Release|Any CPU
		{9C918843-D0C1-461D-8866-ED0687CAF653}.AppStore|x86.ActiveCfg = Release|x86
		{9C918843-D0C1-461D-8866-ED0687CAF653}.AppStore|x86.Build.0 = Release|x86
		{9C918843-D0C1-461D-8866-ED0687CAF653}.AppStore|x86.Deploy.0 = Release|x86
		{9C918843-D0C1-461D-8866-ED0687CAF653}.Debug|Any CPU.ActiveCfg = Debug|Any CPU
		{9C918843-D0C1-461D-8866-ED0687CAF653}.Debug|Any CPU.Build.0 = Debug|Any CPU
		{9C918843-D0C1-461D-8866-ED0687CAF653}.Debug|Any CPU.Deploy.0 = Debug|Any CPU
		{9C918843-D0C1-461D-8866-ED0687CAF653}.Debug|ARM.ActiveCfg = Debug|ARM
		{9C918843-D0C1-461D-8866-ED0687CAF653}.Debug|ARM.Build.0 = Debug|ARM
		{9C918843-D0C1-461D-8866-ED0687CAF653}.Debug|ARM.Deploy.0 = Debug|ARM
		{9C918843-D0C1-461D-8866-ED0687CAF653}.Debug|iPhone.ActiveCfg = Debug|Any CPU
		{9C918843-D0C1-461D-8866-ED0687CAF653}.Debug|iPhone.Build.0 = Debug|Any CPU
		{9C918843-D0C1-461D-8866-ED0687CAF653}.Debug|iPhone.Deploy.0 = Debug|Any CPU
		{9C918843-D0C1-461D-8866-ED0687CAF653}.Debug|iPhoneSimulator.ActiveCfg = Debug|Any CPU
		{9C918843-D0C1-461D-8866-ED0687CAF653}.Debug|iPhoneSimulator.Build.0 = Debug|Any CPU
		{9C918843-D0C1-461D-8866-ED0687CAF653}.Debug|iPhoneSimulator.Deploy.0 = Debug|Any CPU
		{9C918843-D0C1-461D-8866-ED0687CAF653}.Debug|x86.ActiveCfg = Debug|x86
		{9C918843-D0C1-461D-8866-ED0687CAF653}.Debug|x86.Build.0 = Debug|x86
		{9C918843-D0C1-461D-8866-ED0687CAF653}.Debug|x86.Deploy.0 = Debug|x86
		{9C918843-D0C1-461D-8866-ED0687CAF653}.Release|Any CPU.ActiveCfg = Release|Any CPU
		{9C918843-D0C1-461D-8866-ED0687CAF653}.Release|Any CPU.Build.0 = Release|Any CPU
		{9C918843-D0C1-461D-8866-ED0687CAF653}.Release|Any CPU.Deploy.0 = Release|Any CPU
		{9C918843-D0C1-461D-8866-ED0687CAF653}.Release|ARM.ActiveCfg = Release|ARM
		{9C918843-D0C1-461D-8866-ED0687CAF653}.Release|ARM.Build.0 = Release|ARM
		{9C918843-D0C1-461D-8866-ED0687CAF653}.Release|ARM.Deploy.0 = Release|ARM
		{9C918843-D0C1-461D-8866-ED0687CAF653}.Release|iPhone.ActiveCfg = Release|Any CPU
		{9C918843-D0C1-461D-8866-ED0687CAF653}.Release|iPhone.Build.0 = Release|Any CPU
		{9C918843-D0C1-461D-8866-ED0687CAF653}.Release|iPhone.Deploy.0 = Release|Any CPU
		{9C918843-D0C1-461D-8866-ED0687CAF653}.Release|iPhoneSimulator.ActiveCfg = Release|Any CPU
		{9C918843-D0C1-461D-8866-ED0687CAF653}.Release|iPhoneSimulator.Build.0 = Release|Any CPU
		{9C918843-D0C1-461D-8866-ED0687CAF653}.Release|iPhoneSimulator.Deploy.0 = Release|Any CPU
		{9C918843-D0C1-461D-8866-ED0687CAF653}.Release|x86.ActiveCfg = Release|x86
		{9C918843-D0C1-461D-8866-ED0687CAF653}.Release|x86.Build.0 = Release|x86
		{9C918843-D0C1-461D-8866-ED0687CAF653}.Release|x86.Deploy.0 = Release|x86
		{0BA57FE3-6437-4D59-8E86-E8F6B81EE16E}.Ad-Hoc|Any CPU.ActiveCfg = Release|Any CPU
		{0BA57FE3-6437-4D59-8E86-E8F6B81EE16E}.Ad-Hoc|Any CPU.Build.0 = Release|Any CPU
		{0BA57FE3-6437-4D59-8E86-E8F6B81EE16E}.Ad-Hoc|ARM.ActiveCfg = Release|Any CPU
		{0BA57FE3-6437-4D59-8E86-E8F6B81EE16E}.Ad-Hoc|ARM.Build.0 = Release|Any CPU
		{0BA57FE3-6437-4D59-8E86-E8F6B81EE16E}.Ad-Hoc|iPhone.ActiveCfg = Release|Any CPU
		{0BA57FE3-6437-4D59-8E86-E8F6B81EE16E}.Ad-Hoc|iPhone.Build.0 = Release|Any CPU
		{0BA57FE3-6437-4D59-8E86-E8F6B81EE16E}.Ad-Hoc|iPhoneSimulator.ActiveCfg = Release|Any CPU
		{0BA57FE3-6437-4D59-8E86-E8F6B81EE16E}.Ad-Hoc|iPhoneSimulator.Build.0 = Release|Any CPU
		{0BA57FE3-6437-4D59-8E86-E8F6B81EE16E}.Ad-Hoc|x86.ActiveCfg = Release|Any CPU
		{0BA57FE3-6437-4D59-8E86-E8F6B81EE16E}.Ad-Hoc|x86.Build.0 = Release|Any CPU
		{0BA57FE3-6437-4D59-8E86-E8F6B81EE16E}.AppStore|Any CPU.ActiveCfg = Release|Any CPU
		{0BA57FE3-6437-4D59-8E86-E8F6B81EE16E}.AppStore|Any CPU.Build.0 = Release|Any CPU
		{0BA57FE3-6437-4D59-8E86-E8F6B81EE16E}.AppStore|ARM.ActiveCfg = Release|Any CPU
		{0BA57FE3-6437-4D59-8E86-E8F6B81EE16E}.AppStore|ARM.Build.0 = Release|Any CPU
		{0BA57FE3-6437-4D59-8E86-E8F6B81EE16E}.AppStore|iPhone.ActiveCfg = Release|Any CPU
		{0BA57FE3-6437-4D59-8E86-E8F6B81EE16E}.AppStore|iPhone.Build.0 = Release|Any CPU
		{0BA57FE3-6437-4D59-8E86-E8F6B81EE16E}.AppStore|iPhoneSimulator.ActiveCfg = Release|Any CPU
		{0BA57FE3-6437-4D59-8E86-E8F6B81EE16E}.AppStore|iPhoneSimulator.Build.0 = Release|Any CPU
		{0BA57FE3-6437-4D59-8E86-E8F6B81EE16E}.AppStore|x86.ActiveCfg = Release|Any CPU
		{0BA57FE3-6437-4D59-8E86-E8F6B81EE16E}.AppStore|x86.Build.0 = Release|Any CPU
		{0BA57FE3-6437-4D59-8E86-E8F6B81EE16E}.Debug|Any CPU.ActiveCfg = Debug|Any CPU
		{0BA57FE3-6437-4D59-8E86-E8F6B81EE16E}.Debug|Any CPU.Build.0 = Debug|Any CPU
		{0BA57FE3-6437-4D59-8E86-E8F6B81EE16E}.Debug|ARM.ActiveCfg = Debug|Any CPU
		{0BA57FE3-6437-4D59-8E86-E8F6B81EE16E}.Debug|ARM.Build.0 = Debug|Any CPU
		{0BA57FE3-6437-4D59-8E86-E8F6B81EE16E}.Debug|iPhone.ActiveCfg = Debug|Any CPU
		{0BA57FE3-6437-4D59-8E86-E8F6B81EE16E}.Debug|iPhone.Build.0 = Debug|Any CPU
		{0BA57FE3-6437-4D59-8E86-E8F6B81EE16E}.Debug|iPhoneSimulator.ActiveCfg = Debug|Any CPU
		{0BA57FE3-6437-4D59-8E86-E8F6B81EE16E}.Debug|iPhoneSimulator.Build.0 = Debug|Any CPU
		{0BA57FE3-6437-4D59-8E86-E8F6B81EE16E}.Debug|x86.ActiveCfg = Debug|Any CPU
		{0BA57FE3-6437-4D59-8E86-E8F6B81EE16E}.Debug|x86.Build.0 = Debug|Any CPU
		{0BA57FE3-6437-4D59-8E86-E8F6B81EE16E}.Release|Any CPU.ActiveCfg = Release|Any CPU
		{0BA57FE3-6437-4D59-8E86-E8F6B81EE16E}.Release|Any CPU.Build.0 = Release|Any CPU
		{0BA57FE3-6437-4D59-8E86-E8F6B81EE16E}.Release|ARM.ActiveCfg = Release|Any CPU
		{0BA57FE3-6437-4D59-8E86-E8F6B81EE16E}.Release|ARM.Build.0 = Release|Any CPU
		{0BA57FE3-6437-4D59-8E86-E8F6B81EE16E}.Release|iPhone.ActiveCfg = Release|Any CPU
		{0BA57FE3-6437-4D59-8E86-E8F6B81EE16E}.Release|iPhone.Build.0 = Release|Any CPU
		{0BA57FE3-6437-4D59-8E86-E8F6B81EE16E}.Release|iPhoneSimulator.ActiveCfg = Release|Any CPU
		{0BA57FE3-6437-4D59-8E86-E8F6B81EE16E}.Release|iPhoneSimulator.Build.0 = Release|Any CPU
		{0BA57FE3-6437-4D59-8E86-E8F6B81EE16E}.Release|x86.ActiveCfg = Release|Any CPU
		{0BA57FE3-6437-4D59-8E86-E8F6B81EE16E}.Release|x86.Build.0 = Release|Any CPU
	EndGlobalSection
	GlobalSection(SolutionProperties) = preSolution
		HideSolutionNode = FALSE
	EndGlobalSection
EndGlobal
